// !$*UTF8*$!
{
	archiveVersion = 1;
	classes = {
	};
	objectVersion = 48;
	objects = {

/* Begin PBXBuildFile section */
		285E81513628EDDA8C426D06 /* Pods_FirebaseChat.framework in Frameworks */ = {isa = PBXBuildFile; fileRef = BD2E6051FE38C47361ABD17B /* Pods_FirebaseChat.framework */; };
		52090D111F91472C00C98FCB /* AppDelegate.swift in Sources */ = {isa = PBXBuildFile; fileRef = 52090D101F91472C00C98FCB /* AppDelegate.swift */; };
		52090D131F91472C00C98FCB /* SignInVC.swift in Sources */ = {isa = PBXBuildFile; fileRef = 52090D121F91472C00C98FCB /* SignInVC.swift */; };
		52090D161F91472C00C98FCB /* Main.storyboard in Resources */ = {isa = PBXBuildFile; fileRef = 52090D141F91472C00C98FCB /* Main.storyboard */; };
		52090D181F91472C00C98FCB /* Assets.xcassets in Resources */ = {isa = PBXBuildFile; fileRef = 52090D171F91472C00C98FCB /* Assets.xcassets */; };
		52090D1B1F91472C00C98FCB /* LaunchScreen.storyboard in Resources */ = {isa = PBXBuildFile; fileRef = 52090D191F91472C00C98FCB /* LaunchScreen.storyboard */; };
		52283F321F93FAE500C737DA /* MessagesModel.swift in Sources */ = {isa = PBXBuildFile; fileRef = 52283F311F93FAE500C737DA /* MessagesModel.swift */; };
		526F39701F93A89100CDEFE1 /* Alertable.swift in Sources */ = {isa = PBXBuildFile; fileRef = 526F396F1F93A89100CDEFE1 /* Alertable.swift */; };
		52CC9A861F9164D0009549E2 /* MagicView.swift in Sources */ = {isa = PBXBuildFile; fileRef = 52CC9A851F9164D0009549E2 /* MagicView.swift */; };
		52CC9A891F916551009549E2 /* Constants.swift in Sources */ = {isa = PBXBuildFile; fileRef = 52CC9A881F916551009549E2 /* Constants.swift */; };
		52CC9A8B1F9166AF009549E2 /* RoundBtn.swift in Sources */ = {isa = PBXBuildFile; fileRef = 52CC9A8A1F9166AF009549E2 /* RoundBtn.swift */; };
		52CC9A8D1F91679E009549E2 /* MagicField.swift in Sources */ = {isa = PBXBuildFile; fileRef = 52CC9A8C1F91679E009549E2 /* MagicField.swift */; };
		52CC9A8F1F91688F009549E2 /* MagicBtn.swift in Sources */ = {isa = PBXBuildFile; fileRef = 52CC9A8E1F91688F009549E2 /* MagicBtn.swift */; };
		52CC9A911F9173A3009549E2 /* GoogleService-Info.plist in Resources */ = {isa = PBXBuildFile; fileRef = 52CC9A901F9173A3009549E2 /* GoogleService-Info.plist */; };
		52CC9A941F92361D009549E2 /* SignInModel.swift in Sources */ = {isa = PBXBuildFile; fileRef = 52CC9A931F92361D009549E2 /* SignInModel.swift */; };
		52CC9A961F92620C009549E2 /* UITextField+Extension.swift in Sources */ = {isa = PBXBuildFile; fileRef = 52CC9A951F92620C009549E2 /* UITextField+Extension.swift */; };
		52CC9A981F92636C009549E2 /* String+Extension.swift in Sources */ = {isa = PBXBuildFile; fileRef = 52CC9A971F92636C009549E2 /* String+Extension.swift */; };
		52CC9A9A1F926DA1009549E2 /* MessagesHeapVC.swift in Sources */ = {isa = PBXBuildFile; fileRef = 52CC9A991F926DA1009549E2 /* MessagesHeapVC.swift */; };
/* End PBXBuildFile section */

/* Begin PBXFileReference section */
		52090D0D1F91472C00C98FCB /* FirebaseChat.app */ = {isa = PBXFileReference; explicitFileType = wrapper.application; includeInIndex = 0; path = FirebaseChat.app; sourceTree = BUILT_PRODUCTS_DIR; };
		52090D101F91472C00C98FCB /* AppDelegate.swift */ = {isa = PBXFileReference; lastKnownFileType = sourcecode.swift; path = AppDelegate.swift; sourceTree = "<group>"; };
		52090D121F91472C00C98FCB /* SignInVC.swift */ = {isa = PBXFileReference; lastKnownFileType = sourcecode.swift; path = SignInVC.swift; sourceTree = "<group>"; };
		52090D151F91472C00C98FCB /* Base */ = {isa = PBXFileReference; lastKnownFileType = file.storyboard; name = Base; path = Base.lproj/Main.storyboard; sourceTree = "<group>"; };
		52090D171F91472C00C98FCB /* Assets.xcassets */ = {isa = PBXFileReference; lastKnownFileType = folder.assetcatalog; path = Assets.xcassets; sourceTree = "<group>"; };
		52090D1A1F91472C00C98FCB /* Base */ = {isa = PBXFileReference; lastKnownFileType = file.storyboard; name = Base; path = Base.lproj/LaunchScreen.storyboard; sourceTree = "<group>"; };
		52090D1C1F91472C00C98FCB /* Info.plist */ = {isa = PBXFileReference; lastKnownFileType = text.plist.xml; path = Info.plist; sourceTree = "<group>"; };
		52283F311F93FAE500C737DA /* MessagesModel.swift */ = {isa = PBXFileReference; lastKnownFileType = sourcecode.swift; path = MessagesModel.swift; sourceTree = "<group>"; };
		526F396F1F93A89100CDEFE1 /* Alertable.swift */ = {isa = PBXFileReference; lastKnownFileType = sourcecode.swift; path = Alertable.swift; sourceTree = "<group>"; };
		52CC9A851F9164D0009549E2 /* MagicView.swift */ = {isa = PBXFileReference; lastKnownFileType = sourcecode.swift; path = MagicView.swift; sourceTree = "<group>"; };
		52CC9A881F916551009549E2 /* Constants.swift */ = {isa = PBXFileReference; lastKnownFileType = sourcecode.swift; path = Constants.swift; sourceTree = "<group>"; };
		52CC9A8A1F9166AF009549E2 /* RoundBtn.swift */ = {isa = PBXFileReference; lastKnownFileType = sourcecode.swift; path = RoundBtn.swift; sourceTree = "<group>"; };
		52CC9A8C1F91679E009549E2 /* MagicField.swift */ = {isa = PBXFileReference; lastKnownFileType = sourcecode.swift; path = MagicField.swift; sourceTree = "<group>"; };
		52CC9A8E1F91688F009549E2 /* MagicBtn.swift */ = {isa = PBXFileReference; lastKnownFileType = sourcecode.swift; path = MagicBtn.swift; sourceTree = "<group>"; };
		52CC9A901F9173A3009549E2 /* GoogleService-Info.plist */ = {isa = PBXFileReference; fileEncoding = 4; lastKnownFileType = text.plist.xml; path = "GoogleService-Info.plist"; sourceTree = "<group>"; };
		52CC9A921F9233E7009549E2 /* FirebaseChat.entitlements */ = {isa = PBXFileReference; lastKnownFileType = text.plist.entitlements; path = FirebaseChat.entitlements; sourceTree = "<group>"; };
		52CC9A931F92361D009549E2 /* SignInModel.swift */ = {isa = PBXFileReference; lastKnownFileType = sourcecode.swift; path = SignInModel.swift; sourceTree = "<group>"; };
		52CC9A951F92620C009549E2 /* UITextField+Extension.swift */ = {isa = PBXFileReference; lastKnownFileType = sourcecode.swift; path = "UITextField+Extension.swift"; sourceTree = "<group>"; };
		52CC9A971F92636C009549E2 /* String+Extension.swift */ = {isa = PBXFileReference; lastKnownFileType = sourcecode.swift; path = "String+Extension.swift"; sourceTree = "<group>"; };
		52CC9A991F926DA1009549E2 /* MessagesHeapVC.swift */ = {isa = PBXFileReference; lastKnownFileType = sourcecode.swift; path = MessagesHeapVC.swift; sourceTree = "<group>"; };
		52CC9A9B1F928158009549E2 /* ru */ = {isa = PBXFileReference; lastKnownFileType = text.plist.strings; name = ru; path = ru.lproj/Main.strings; sourceTree = "<group>"; };
		52CC9A9C1F928158009549E2 /* ru */ = {isa = PBXFileReference; lastKnownFileType = text.plist.strings; name = ru; path = ru.lproj/LaunchScreen.strings; sourceTree = "<group>"; };
		7571935AF1A0960ACC2D4A31 /* Pods-FirebaseChat.debug.xcconfig */ = {isa = PBXFileReference; includeInIndex = 1; lastKnownFileType = text.xcconfig; name = "Pods-FirebaseChat.debug.xcconfig"; path = "Pods/Target Support Files/Pods-FirebaseChat/Pods-FirebaseChat.debug.xcconfig"; sourceTree = "<group>"; };
		B3F6D2ECA98B82E762F19295 /* Pods-FirebaseChat.release.xcconfig */ = {isa = PBXFileReference; includeInIndex = 1; lastKnownFileType = text.xcconfig; name = "Pods-FirebaseChat.release.xcconfig"; path = "Pods/Target Support Files/Pods-FirebaseChat/Pods-FirebaseChat.release.xcconfig"; sourceTree = "<group>"; };
		BD2E6051FE38C47361ABD17B /* Pods_FirebaseChat.framework */ = {isa = PBXFileReference; explicitFileType = wrapper.framework; includeInIndex = 0; path = Pods_FirebaseChat.framework; sourceTree = BUILT_PRODUCTS_DIR; };
/* End PBXFileReference section */

/* Begin PBXFrameworksBuildPhase section */
		52090D0A1F91472C00C98FCB /* Frameworks */ = {
			isa = PBXFrameworksBuildPhase;
			buildActionMask = 2147483647;
			files = (
				285E81513628EDDA8C426D06 /* Pods_FirebaseChat.framework in Frameworks */,
			);
			runOnlyForDeploymentPostprocessing = 0;
		};
/* End PBXFrameworksBuildPhase section */

/* Begin PBXGroup section */
		1009D073BFADE36CB221AB69 /* Pods */ = {
			isa = PBXGroup;
			children = (
				7571935AF1A0960ACC2D4A31 /* Pods-FirebaseChat.debug.xcconfig */,
				B3F6D2ECA98B82E762F19295 /* Pods-FirebaseChat.release.xcconfig */,
			);
			name = Pods;
			sourceTree = "<group>";
		};
		4C06E22D1E8281CDED597F25 /* Frameworks */ = {
			isa = PBXGroup;
			children = (
				BD2E6051FE38C47361ABD17B /* Pods_FirebaseChat.framework */,
			);
			name = Frameworks;
			sourceTree = "<group>";
		};
		52090D041F91472C00C98FCB = {
			isa = PBXGroup;
			children = (
				52090D0F1F91472C00C98FCB /* FirebaseChat */,
				52090D0E1F91472C00C98FCB /* Products */,
				1009D073BFADE36CB221AB69 /* Pods */,
				4C06E22D1E8281CDED597F25 /* Frameworks */,
			);
			sourceTree = "<group>";
		};
		52090D0E1F91472C00C98FCB /* Products */ = {
			isa = PBXGroup;
			children = (
				52090D0D1F91472C00C98FCB /* FirebaseChat.app */,
			);
			name = Products;
			sourceTree = "<group>";
		};
		52090D0F1F91472C00C98FCB /* FirebaseChat */ = {
			isa = PBXGroup;
			children = (
				52CC9A921F9233E7009549E2 /* FirebaseChat.entitlements */,
				52CC9A871F916535009549E2 /* Utilities */,
				52090D101F91472C00C98FCB /* AppDelegate.swift */,
				529D75601F914A7C00CBA66E /* Model */,
				529D75611F914A8100CBA66E /* View */,
				529D75621F914A9700CBA66E /* Controller */,
				52090D141F91472C00C98FCB /* Main.storyboard */,
				52090D241F91481900C98FCB /* SupportedFiles */,
			);
			path = FirebaseChat;
			sourceTree = "<group>";
		};
		52090D241F91481900C98FCB /* SupportedFiles */ = {
			isa = PBXGroup;
			children = (
				52090D1C1F91472C00C98FCB /* Info.plist */,
				52CC9A901F9173A3009549E2 /* GoogleService-Info.plist */,
				52090D171F91472C00C98FCB /* Assets.xcassets */,
				52090D191F91472C00C98FCB /* LaunchScreen.storyboard */,
			);
			path = SupportedFiles;
			sourceTree = "<group>";
		};
		529D75601F914A7C00CBA66E /* Model */ = {
			isa = PBXGroup;
			children = (
				52CC9A931F92361D009549E2 /* SignInModel.swift */,
				52283F311F93FAE500C737DA /* MessagesModel.swift */,
			);
			path = Model;
			sourceTree = "<group>";
		};
		529D75611F914A8100CBA66E /* View */ = {
			isa = PBXGroup;
			children = (
				52CC9A851F9164D0009549E2 /* MagicView.swift */,
				52CC9A8A1F9166AF009549E2 /* RoundBtn.swift */,
				52CC9A8C1F91679E009549E2 /* MagicField.swift */,
				52CC9A8E1F91688F009549E2 /* MagicBtn.swift */,
			);
			path = View;
			sourceTree = "<group>";
		};
		529D75621F914A9700CBA66E /* Controller */ = {
			isa = PBXGroup;
			children = (
				52090D121F91472C00C98FCB /* SignInVC.swift */,
				52CC9A991F926DA1009549E2 /* MessagesHeapVC.swift */,
			);
			path = Controller;
			sourceTree = "<group>";
		};
		52CC9A871F916535009549E2 /* Utilities */ = {
			isa = PBXGroup;
			children = (
				52CC9A881F916551009549E2 /* Constants.swift */,
				52CC9A951F92620C009549E2 /* UITextField+Extension.swift */,
				52CC9A971F92636C009549E2 /* String+Extension.swift */,
				526F396F1F93A89100CDEFE1 /* Alertable.swift */,
			);
			path = Utilities;
			sourceTree = "<group>";
		};
/* End PBXGroup section */

/* Begin PBXNativeTarget section */
		52090D0C1F91472C00C98FCB /* FirebaseChat */ = {
			isa = PBXNativeTarget;
			buildConfigurationList = 52090D1F1F91472C00C98FCB /* Build configuration list for PBXNativeTarget "FirebaseChat" */;
			buildPhases = (
				F06A4B5FA11EAC0F59CE12C3 /* [CP] Check Pods Manifest.lock */,
				52090D091F91472C00C98FCB /* Sources */,
				52090D0A1F91472C00C98FCB /* Frameworks */,
				52090D0B1F91472C00C98FCB /* Resources */,
				27571932969AE32095E7534F /* [CP] Embed Pods Frameworks */,
				87C00F62FE2D73CA6334A7D4 /* [CP] Copy Pods Resources */,
			);
			buildRules = (
			);
			dependencies = (
			);
			name = FirebaseChat;
			productName = FirebaseChat;
			productReference = 52090D0D1F91472C00C98FCB /* FirebaseChat.app */;
			productType = "com.apple.product-type.application";
		};
/* End PBXNativeTarget section */

/* Begin PBXProject section */
		52090D051F91472C00C98FCB /* Project object */ = {
			isa = PBXProject;
			attributes = {
				LastSwiftUpdateCheck = 0900;
				LastUpgradeCheck = 0900;
				ORGANIZATIONNAME = "Stanly Shiyanovskiy";
				TargetAttributes = {
					52090D0C1F91472C00C98FCB = {
						CreatedOnToolsVersion = 9.0;
						ProvisioningStyle = Automatic;
						SystemCapabilities = {
							com.apple.BackgroundModes = {
								enabled = 1;
							};
							com.apple.Push = {
								enabled = 1;
							};
						};
					};
				};
			};
			buildConfigurationList = 52090D081F91472C00C98FCB /* Build configuration list for PBXProject "FirebaseChat" */;
			compatibilityVersion = "Xcode 8.0";
			developmentRegion = en;
			hasScannedForEncodings = 0;
			knownRegions = (
				en,
				Base,
			);
			mainGroup = 52090D041F91472C00C98FCB;
			productRefGroup = 52090D0E1F91472C00C98FCB /* Products */;
			projectDirPath = "";
			projectRoot = "";
			targets = (
				52090D0C1F91472C00C98FCB /* FirebaseChat */,
			);
		};
/* End PBXProject section */

/* Begin PBXResourcesBuildPhase section */
		52090D0B1F91472C00C98FCB /* Resources */ = {
			isa = PBXResourcesBuildPhase;
			buildActionMask = 2147483647;
			files = (
				52090D1B1F91472C00C98FCB /* LaunchScreen.storyboard in Resources */,
				52090D181F91472C00C98FCB /* Assets.xcassets in Resources */,
				52090D161F91472C00C98FCB /* Main.storyboard in Resources */,
				52CC9A911F9173A3009549E2 /* GoogleService-Info.plist in Resources */,
			);
			runOnlyForDeploymentPostprocessing = 0;
		};
/* End PBXResourcesBuildPhase section */

/* Begin PBXShellScriptBuildPhase section */
		27571932969AE32095E7534F /* [CP] Embed Pods Frameworks */ = {
			isa = PBXShellScriptBuildPhase;
			buildActionMask = 2147483647;
			files = (
			);
			inputPaths = (
			);
			name = "[CP] Embed Pods Frameworks";
			outputPaths = (
			);
			runOnlyForDeploymentPostprocessing = 0;
			shellPath = /bin/sh;
			shellScript = "\"${SRCROOT}/Pods/Target Support Files/Pods-FirebaseChat/Pods-FirebaseChat-frameworks.sh\"\n";
			showEnvVarsInLog = 0;
		};
		87C00F62FE2D73CA6334A7D4 /* [CP] Copy Pods Resources */ = {
			isa = PBXShellScriptBuildPhase;
			buildActionMask = 2147483647;
			files = (
			);
			inputPaths = (
			);
			name = "[CP] Copy Pods Resources";
			outputPaths = (
			);
			runOnlyForDeploymentPostprocessing = 0;
			shellPath = /bin/sh;
			shellScript = "\"${SRCROOT}/Pods/Target Support Files/Pods-FirebaseChat/Pods-FirebaseChat-resources.sh\"\n";
			showEnvVarsInLog = 0;
		};
		F06A4B5FA11EAC0F59CE12C3 /* [CP] Check Pods Manifest.lock */ = {
			isa = PBXShellScriptBuildPhase;
			buildActionMask = 2147483647;
			files = (
			);
			inputPaths = (
			);
			name = "[CP] Check Pods Manifest.lock";
			outputPaths = (
			);
			runOnlyForDeploymentPostprocessing = 0;
			shellPath = /bin/sh;
			shellScript = "diff \"${PODS_ROOT}/../Podfile.lock\" \"${PODS_ROOT}/Manifest.lock\" > /dev/null\nif [ $? != 0 ] ; then\n    # print error to STDERR\n    echo \"error: The sandbox is not in sync with the Podfile.lock. Run 'pod install' or update your CocoaPods installation.\" >&2\n    exit 1\nfi\n";
			showEnvVarsInLog = 0;
		};
/* End PBXShellScriptBuildPhase section */

/* Begin PBXSourcesBuildPhase section */
		52090D091F91472C00C98FCB /* Sources */ = {
			isa = PBXSourcesBuildPhase;
			buildActionMask = 2147483647;
			files = (
				52CC9A961F92620C009549E2 /* UITextField+Extension.swift in Sources */,
				52CC9A8D1F91679E009549E2 /* MagicField.swift in Sources */,
				52CC9A9A1F926DA1009549E2 /* MessagesHeapVC.swift in Sources */,
				52CC9A861F9164D0009549E2 /* MagicView.swift in Sources */,
				52CC9A8F1F91688F009549E2 /* MagicBtn.swift in Sources */,
				52CC9A8B1F9166AF009549E2 /* RoundBtn.swift in Sources */,
				526F39701F93A89100CDEFE1 /* Alertable.swift in Sources */,
				52090D131F91472C00C98FCB /* SignInVC.swift in Sources */,
				52CC9A941F92361D009549E2 /* SignInModel.swift in Sources */,
				52283F321F93FAE500C737DA /* MessagesModel.swift in Sources */,
				52090D111F91472C00C98FCB /* AppDelegate.swift in Sources */,
				52CC9A981F92636C009549E2 /* String+Extension.swift in Sources */,
				52CC9A891F916551009549E2 /* Constants.swift in Sources */,
			);
			runOnlyForDeploymentPostprocessing = 0;
		};
/* End PBXSourcesBuildPhase section */

/* Begin PBXVariantGroup section */
		52090D141F91472C00C98FCB /* Main.storyboard */ = {
			isa = PBXVariantGroup;
			children = (
				52090D151F91472C00C98FCB /* Base */,
				52CC9A9B1F928158009549E2 /* ru */,
			);
			name = Main.storyboard;
			sourceTree = "<group>";
		};
		52090D191F91472C00C98FCB /* LaunchScreen.storyboard */ = {
			isa = PBXVariantGroup;
			children = (
				52090D1A1F91472C00C98FCB /* Base */,
				52CC9A9C1F928158009549E2 /* ru */,
			);
			name = LaunchScreen.storyboard;
			sourceTree = "<group>";
		};
/* End PBXVariantGroup section */

/* Begin XCBuildConfiguration section */
		52090D1D1F91472C00C98FCB /* Debug */ = {
			isa = XCBuildConfiguration;
			buildSettings = {
				ALWAYS_SEARCH_USER_PATHS = NO;
				CLANG_ANALYZER_LOCALIZABILITY_NONLOCALIZED = YES;
				CLANG_ANALYZER_NONNULL = YES;
				CLANG_ANALYZER_NUMBER_OBJECT_CONVERSION = YES_AGGRESSIVE;
				CLANG_CXX_LANGUAGE_STANDARD = "gnu++14";
				CLANG_CXX_LIBRARY = "libc++";
				CLANG_ENABLE_MODULES = YES;
				CLANG_ENABLE_OBJC_ARC = YES;
				CLANG_WARN_BLOCK_CAPTURE_AUTORELEASING = YES;
				CLANG_WARN_BOOL_CONVERSION = YES;
				CLANG_WARN_COMMA = YES;
				CLANG_WARN_CONSTANT_CONVERSION = YES;
				CLANG_WARN_DIRECT_OBJC_ISA_USAGE = YES_ERROR;
				CLANG_WARN_DOCUMENTATION_COMMENTS = YES;
				CLANG_WARN_EMPTY_BODY = YES;
				CLANG_WARN_ENUM_CONVERSION = YES;
				CLANG_WARN_INFINITE_RECURSION = YES;
				CLANG_WARN_INT_CONVERSION = YES;
				CLANG_WARN_NON_LITERAL_NULL_CONVERSION = YES;
				CLANG_WARN_OBJC_LITERAL_CONVERSION = YES;
				CLANG_WARN_OBJC_ROOT_CLASS = YES_ERROR;
				CLANG_WARN_RANGE_LOOP_ANALYSIS = YES;
				CLANG_WARN_STRICT_PROTOTYPES = YES;
				CLANG_WARN_SUSPICIOUS_MOVE = YES;
				CLANG_WARN_UNGUARDED_AVAILABILITY = YES_AGGRESSIVE;
				CLANG_WARN_UNREACHABLE_CODE = YES;
				CLANG_WARN__DUPLICATE_METHOD_MATCH = YES;
				CODE_SIGN_IDENTITY = "iPhone Developer";
				COPY_PHASE_STRIP = NO;
				DEBUG_INFORMATION_FORMAT = dwarf;
				ENABLE_STRICT_OBJC_MSGSEND = YES;
				ENABLE_TESTABILITY = YES;
				GCC_C_LANGUAGE_STANDARD = gnu11;
				GCC_DYNAMIC_NO_PIC = NO;
				GCC_NO_COMMON_BLOCKS = YES;
				GCC_OPTIMIZATION_LEVEL = 0;
				GCC_PREPROCESSOR_DEFINITIONS = (
					"DEBUG=1",
					"$(inherited)",
				);
				GCC_WARN_64_TO_32_BIT_CONVERSION = YES;
				GCC_WARN_ABOUT_RETURN_TYPE = YES_ERROR;
				GCC_WARN_UNDECLARED_SELECTOR = YES;
				GCC_WARN_UNINITIALIZED_AUTOS = YES_AGGRESSIVE;
				GCC_WARN_UNUSED_FUNCTION = YES;
				GCC_WARN_UNUSED_VARIABLE = YES;
				IPHONEOS_DEPLOYMENT_TARGET = 11.0;
				MTL_ENABLE_DEBUG_INFO = YES;
				ONLY_ACTIVE_ARCH = YES;
				SDKROOT = iphoneos;
				SWIFT_ACTIVE_COMPILATION_CONDITIONS = DEBUG;
				SWIFT_OPTIMIZATION_LEVEL = "-Onone";
			};
			name = Debug;
		};
		52090D1E1F91472C00C98FCB /* Release */ = {
			isa = XCBuildConfiguration;
			buildSettings = {
				ALWAYS_SEARCH_USER_PATHS = NO;
				CLANG_ANALYZER_LOCALIZABILITY_NONLOCALIZED = YES;
				CLANG_ANALYZER_NONNULL = YES;
				CLANG_ANALYZER_NUMBER_OBJECT_CONVERSION = YES_AGGRESSIVE;
				CLANG_CXX_LANGUAGE_STANDARD = "gnu++14";
				CLANG_CXX_LIBRARY = "libc++";
				CLANG_ENABLE_MODULES = YES;
				CLANG_ENABLE_OBJC_ARC = YES;
				CLANG_WARN_BLOCK_CAPTURE_AUTORELEASING = YES;
				CLANG_WARN_BOOL_CONVERSION = YES;
				CLANG_WARN_COMMA = YES;
				CLANG_WARN_CONSTANT_CONVERSION = YES;
				CLANG_WARN_DIRECT_OBJC_ISA_USAGE = YES_ERROR;
				CLANG_WARN_DOCUMENTATION_COMMENTS = YES;
				CLANG_WARN_EMPTY_BODY = YES;
				CLANG_WARN_ENUM_CONVERSION = YES;
				CLANG_WARN_INFINITE_RECURSION = YES;
				CLANG_WARN_INT_CONVERSION = YES;
				CLANG_WARN_NON_LITERAL_NULL_CONVERSION = YES;
				CLANG_WARN_OBJC_LITERAL_CONVERSION = YES;
				CLANG_WARN_OBJC_ROOT_CLASS = YES_ERROR;
				CLANG_WARN_RANGE_LOOP_ANALYSIS = YES;
				CLANG_WARN_STRICT_PROTOTYPES = YES;
				CLANG_WARN_SUSPICIOUS_MOVE = YES;
				CLANG_WARN_UNGUARDED_AVAILABILITY = YES_AGGRESSIVE;
				CLANG_WARN_UNREACHABLE_CODE = YES;
				CLANG_WARN__DUPLICATE_METHOD_MATCH = YES;
				CODE_SIGN_IDENTITY = "iPhone Developer";
				COPY_PHASE_STRIP = NO;
				DEBUG_INFORMATION_FORMAT = "dwarf-with-dsym";
				ENABLE_NS_ASSERTIONS = NO;
				ENABLE_STRICT_OBJC_MSGSEND = YES;
				GCC_C_LANGUAGE_STANDARD = gnu11;
				GCC_NO_COMMON_BLOCKS = YES;
				GCC_WARN_64_TO_32_BIT_CONVERSION = YES;
				GCC_WARN_ABOUT_RETURN_TYPE = YES_ERROR;
				GCC_WARN_UNDECLARED_SELECTOR = YES;
				GCC_WARN_UNINITIALIZED_AUTOS = YES_AGGRESSIVE;
				GCC_WARN_UNUSED_FUNCTION = YES;
				GCC_WARN_UNUSED_VARIABLE = YES;
				IPHONEOS_DEPLOYMENT_TARGET = 11.0;
				MTL_ENABLE_DEBUG_INFO = NO;
				SDKROOT = iphoneos;
				SWIFT_OPTIMIZATION_LEVEL = "-Owholemodule";
				VALIDATE_PRODUCT = YES;
			};
			name = Release;
		};
		52090D201F91472C00C98FCB /* Debug */ = {
			isa = XCBuildConfiguration;
			baseConfigurationReference = 7571935AF1A0960ACC2D4A31 /* Pods-FirebaseChat.debug.xcconfig */;
			buildSettings = {
				ASSETCATALOG_COMPILER_APPICON_NAME = AppIcon;
				CODE_SIGN_ENTITLEMENTS = FirebaseChat/FirebaseChat.entitlements;
				"CODE_SIGN_IDENTITY[sdk=iphoneos*]" = "iPhone Developer";
				CODE_SIGN_STYLE = Automatic;
				DEVELOPMENT_TEAM = 3PTYV272Z4;
				INFOPLIST_FILE = "$(SRCROOT)/FirebaseChat/SupportedFiles/Info.plist";
				IPHONEOS_DEPLOYMENT_TARGET = 10.1;
				LD_RUNPATH_SEARCH_PATHS = "$(inherited) @executable_path/Frameworks";
				PRODUCT_BUNDLE_IDENTIFIER = SiS.FirebaseChat;
				PRODUCT_NAME = "$(TARGET_NAME)";
				PROVISIONING_PROFILE_SPECIFIER = "";
				SWIFT_VERSION = 4.0;
				TARGETED_DEVICE_FAMILY = "1,2";
			};
			name = Debug;
		};
		52090D211F91472C00C98FCB /* Release */ = {
			isa = XCBuildConfiguration;
			baseConfigurationReference = B3F6D2ECA98B82E762F19295 /* Pods-FirebaseChat.release.xcconfig */;
			buildSettings = {
				ASSETCATALOG_COMPILER_APPICON_NAME = AppIcon;
				CODE_SIGN_ENTITLEMENTS = FirebaseChat/FirebaseChat.entitlements;
				"CODE_SIGN_IDENTITY[sdk=iphoneos*]" = "iPhone Developer";
				CODE_SIGN_STYLE = Automatic;
				DEVELOPMENT_TEAM = 3PTYV272Z4;
				INFOPLIST_FILE = "$(SRCROOT)/FirebaseChat/SupportedFiles/Info.plist";
				IPHONEOS_DEPLOYMENT_TARGET = 10.1;
				LD_RUNPATH_SEARCH_PATHS = "$(inherited) @executable_path/Frameworks";
				PRODUCT_BUNDLE_IDENTIFIER = SiS.FirebaseChat;
				PRODUCT_NAME = "$(TARGET_NAME)";
				PROVISIONING_PROFILE_SPECIFIER = "";
				SWIFT_VERSION = 4.0;
				TARGETED_DEVICE_FAMILY = "1,2";
			};
			name = Release;
		};
/* End XCBuildConfiguration section */

/* Begin XCConfigurationList section */
		52090D081F91472C00C98FCB /* Build configuration list for PBXProject "FirebaseChat" */ = {
			isa = XCConfigurationList;
			buildConfigurations = (
				52090D1D1F91472C00C98FCB /* Debug */,
				52090D1E1F91472C00C98FCB /* Release */,
			);
			defaultConfigurationIsVisible = 0;
			defaultConfigurationName = Release;
		};
		52090D1F1F91472C00C98FCB /* Build configuration list for PBXNativeTarget "FirebaseChat" */ = {
			isa = XCConfigurationList;
			buildConfigurations = (
				52090D201F91472C00C98FCB /* Debug */,
				52090D211F91472C00C98FCB /* Release */,
			);
			defaultConfigurationIsVisible = 0;
			defaultConfigurationName = Release;
		};
/* End XCConfigurationList section */
	};
	rootObject = 52090D051F91472C00C98FCB /* Project object */;
}
